
Microsoft Visual Studio Solution File, Format Version 12.00
# Visual Studio Version 16
VisualStudioVersion = 16.0.28922.388
MinimumVisualStudioVersion = 10.0.40219.1
Project("{9A19103F-16F7-4668-BE54-9A1E7A4F7556}") = "DFC.App.Help", "DFC.App.Help\DFC.App.Help.csproj", "{0A9E48D3-16BF-4E3A-8178-A3E737E270EE}"
EndProject
Project("{9A19103F-16F7-4668-BE54-9A1E7A4F7556}") = "DFC.App.Help.UnitTests", "DFC.App.Help.UnitTests\DFC.App.Help.UnitTests.csproj", "{0BC26FE3-7333-4DE8-BE94-E87BA03644A2}"
EndProject
Project("{2150E333-8FDC-42A3-9474-1A3956D46DE8}") = "Tests", "Tests", "{09412988-C336-4D31-B60F-4724FDA0D3FC}"
EndProject
Project("{2150E333-8FDC-42A3-9474-1A3956D46DE8}") = "Unit", "Unit", "{92A6867E-C9FC-4BA6-AAF0-1965491C1BF2}"
EndProject
Project("{2150E333-8FDC-42A3-9474-1A3956D46DE8}") = "Web", "Web", "{B8502880-F710-4CDA-88E9-50475C4DE4D8}"
EndProject
Global
	GlobalSection(SolutionConfigurationPlatforms) = preSolution
		Debug|Any CPU = Debug|Any CPU
		Release|Any CPU = Release|Any CPU
	EndGlobalSection
	GlobalSection(ProjectConfigurationPlatforms) = postSolution
		{0A9E48D3-16BF-4E3A-8178-A3E737E270EE}.Debug|Any CPU.ActiveCfg = Debug|Any CPU
		{0A9E48D3-16BF-4E3A-8178-A3E737E270EE}.Debug|Any CPU.Build.0 = Debug|Any CPU
		{0A9E48D3-16BF-4E3A-8178-A3E737E270EE}.Release|Any CPU.ActiveCfg = Release|Any CPU
		{0A9E48D3-16BF-4E3A-8178-A3E737E270EE}.Release|Any CPU.Build.0 = Release|Any CPU
		{0BC26FE3-7333-4DE8-BE94-E87BA03644A2}.Debug|Any CPU.ActiveCfg = Debug|Any CPU
		{0BC26FE3-7333-4DE8-BE94-E87BA03644A2}.Debug|Any CPU.Build.0 = Debug|Any CPU
		{0BC26FE3-7333-4DE8-BE94-E87BA03644A2}.Release|Any CPU.ActiveCfg = Release|Any CPU
		{0BC26FE3-7333-4DE8-BE94-E87BA03644A2}.Release|Any CPU.Build.0 = Release|Any CPU
	EndGlobalSection
	GlobalSection(SolutionProperties) = preSolution
		HideSolutionNode = FALSE
	EndGlobalSection
	GlobalSection(NestedProjects) = preSolution
		{0BC26FE3-7333-4DE8-BE94-E87BA03644A2} = {B8502880-F710-4CDA-88E9-50475C4DE4D8}
		{92A6867E-C9FC-4BA6-AAF0-1965491C1BF2} = {09412988-C336-4D31-B60F-4724FDA0D3FC}
		{B8502880-F710-4CDA-88E9-50475C4DE4D8} = {92A6867E-C9FC-4BA6-AAF0-1965491C1BF2}
	EndGlobalSection
	GlobalSection(ExtensibilityGlobals) = postSolution
		SolutionGuid = {3581291A-8988-4696-A525-6CDEB71A070C}
	EndGlobalSection
EndGlobal
