
Microsoft Visual Studio Solution File, Format Version 12.00
# Visual Studio Version 16
VisualStudioVersion = 16.0.28922.388
MinimumVisualStudioVersion = 10.0.40219.1
Project("{9A19103F-16F7-4668-BE54-9A1E7A4F7556}") = "DFC.App.Help", "DFC.App.Help\DFC.App.Help.csproj", "{0A9E48D3-16BF-4E3A-8178-A3E737E270EE}"
EndProject
Project("{9A19103F-16F7-4668-BE54-9A1E7A4F7556}") = "DFC.App.Help.IntegrationTests", "DFC.App.Help.IntegrationTests\DFC.App.Help.IntegrationTests.csproj", "{5C7A84AC-56E4-4A71-8E3C-12195A2BBE98}"
EndProject
Project("{FAE04EC0-301F-11D3-BF4B-00C04F79EFBC}") = "DFC.App.Help.UnitTests", "DFC.App.Help.UnitTests\DFC.App.Help.UnitTests.csproj", "{0BC26FE3-7333-4DE8-BE94-E87BA03644A2}"
EndProject
Global
	GlobalSection(SolutionConfigurationPlatforms) = preSolution
		Debug|Any CPU = Debug|Any CPU
		Release|Any CPU = Release|Any CPU
	EndGlobalSection
	GlobalSection(ProjectConfigurationPlatforms) = postSolution
		{0A9E48D3-16BF-4E3A-8178-A3E737E270EE}.Debug|Any CPU.ActiveCfg = Debug|Any CPU
		{0A9E48D3-16BF-4E3A-8178-A3E737E270EE}.Debug|Any CPU.Build.0 = Debug|Any CPU
		{0A9E48D3-16BF-4E3A-8178-A3E737E270EE}.Release|Any CPU.ActiveCfg = Release|Any CPU
		{0A9E48D3-16BF-4E3A-8178-A3E737E270EE}.Release|Any CPU.Build.0 = Release|Any CPU
		{5C7A84AC-56E4-4A71-8E3C-12195A2BBE98}.Debug|Any CPU.ActiveCfg = Debug|Any CPU
		{5C7A84AC-56E4-4A71-8E3C-12195A2BBE98}.Debug|Any CPU.Build.0 = Debug|Any CPU
		{5C7A84AC-56E4-4A71-8E3C-12195A2BBE98}.Release|Any CPU.ActiveCfg = Release|Any CPU
		{5C7A84AC-56E4-4A71-8E3C-12195A2BBE98}.Release|Any CPU.Build.0 = Release|Any CPU
		{0BC26FE3-7333-4DE8-BE94-E87BA03644A2}.Debug|Any CPU.ActiveCfg = Debug|Any CPU
		{0BC26FE3-7333-4DE8-BE94-E87BA03644A2}.Debug|Any CPU.Build.0 = Debug|Any CPU
		{0BC26FE3-7333-4DE8-BE94-E87BA03644A2}.Release|Any CPU.ActiveCfg = Release|Any CPU
		{0BC26FE3-7333-4DE8-BE94-E87BA03644A2}.Release|Any CPU.Build.0 = Release|Any CPU
	EndGlobalSection
	GlobalSection(SolutionProperties) = preSolution
		HideSolutionNode = FALSE
	EndGlobalSection
	GlobalSection(ExtensibilityGlobals) = postSolution
		SolutionGuid = {3581291A-8988-4696-A525-6CDEB71A070C}
	EndGlobalSection
EndGlobal
